{
  "version": 4,
  "terraform_version": "1.1.9",
  "serial": 28,
  "lineage": "d12d9745-2396-dbb5-068b-18ac323f32ee",
  "outputs": {
    "dynamodb_table": {
      "value": "hello-world-nestjs-state-lock",
      "type": "string"
    },
    "remote_state_kms_key_id": {
      "value": "2d1e918b-e9a3-41ce-9745-41250dcd464a",
      "type": "string"
    },
    "remote_state_state_bucket_name": {
      "value": "hello-world-be-state20220419192525754900000001",
      "type": "string"
    }
  },
  "resources": [
    {
      "mode": "managed",
      "type": "aws_iam_user",
      "name": "terraform",
      "provider": "provider[\"registry.terraform.io/hashicorp/aws\"]",
      "instances": [
        {
          "schema_version": 0,
          "attributes": {
            "arn": "arn:aws:iam::999110959427:user/hello-world-nestjs-state-user-for-deployment",
            "force_destroy": false,
            "id": "hello-world-nestjs-state-user-for-deployment",
            "name": "hello-world-nestjs-state-user-for-deployment",
            "path": "/",
            "permissions_boundary": null,
            "tags": {},
            "tags_all": {},
            "unique_id": "AIDA6RH5HMFBXO3PFHRTK"
          },
          "sensitive_attributes": [],
          "private": "bnVsbA=="
        }
      ]
    },
    {
      "mode": "managed",
      "type": "aws_iam_user_policy_attachment",
      "name": "remote_state_access",
      "provider": "provider[\"registry.terraform.io/hashicorp/aws\"]",
      "instances": []
    },
    {
      "module": "module.remote_state",
      "mode": "data",
      "type": "aws_iam_policy_document",
      "name": "state_force_ssl",
      "provider": "provider[\"registry.terraform.io/hashicorp/aws\"]",
      "instances": []
    },
    {
      "module": "module.remote_state",
      "mode": "data",
      "type": "aws_region",
      "name": "state",
      "provider": "provider[\"registry.terraform.io/hashicorp/aws\"]",
      "instances": [
        {
          "schema_version": 0,
          "attributes": {
            "description": "US East (N. Virginia)",
            "endpoint": "ec2.us-east-1.amazonaws.com",
            "id": "us-east-1",
            "name": "us-east-1"
          },
          "sensitive_attributes": []
        }
      ]
    },
    {
      "module": "module.remote_state",
      "mode": "managed",
      "type": "aws_dynamodb_table",
      "name": "lock",
      "provider": "provider[\"registry.terraform.io/hashicorp/aws\"]",
      "instances": [
        {
          "schema_version": 1,
          "attributes": {
            "arn": "arn:aws:dynamodb:us-east-1:999110959427:table/hello-world-nestjs-state-lock",
            "attribute": [
              {
                "name": "LockID",
                "type": "S"
              }
            ],
            "billing_mode": "PAY_PER_REQUEST",
            "global_secondary_index": [],
            "hash_key": "LockID",
            "id": "hello-world-nestjs-state-lock",
            "local_secondary_index": [],
            "name": "hello-world-nestjs-state-lock",
            "point_in_time_recovery": [
              {
                "enabled": true
              }
            ],
            "range_key": null,
            "read_capacity": 0,
            "replica": [],
            "restore_date_time": null,
            "restore_source_name": null,
            "restore_to_latest_time": null,
            "server_side_encryption": [],
            "stream_arn": "",
            "stream_enabled": false,
            "stream_label": "",
            "stream_view_type": "",
            "table_class": "",
            "tags": {
              "Terraform": "true"
            },
            "tags_all": {
              "Terraform": "true"
            },
            "timeouts": null,
            "ttl": [
              {
                "attribute_name": "",
                "enabled": false
              }
            ],
            "write_capacity": 0
          },
          "sensitive_attributes": [],
          "private": "eyJlMmJmYjczMC1lY2FhLTExZTYtOGY4OC0zNDM2M2JjN2M0YzAiOnsiY3JlYXRlIjoxODAwMDAwMDAwMDAwLCJkZWxldGUiOjYwMDAwMDAwMDAwMCwidXBkYXRlIjozNjAwMDAwMDAwMDAwfSwic2NoZW1hX3ZlcnNpb24iOiIxIn0=",
          "dependencies": [
            "module.remote_state.aws_kms_key.this"
          ]
        }
      ]
    },
    {
      "module": "module.remote_state",
      "mode": "managed",
      "type": "aws_iam_policy",
      "name": "terraform",
      "provider": "provider[\"registry.terraform.io/hashicorp/aws\"]",
      "instances": [
        {
          "index_key": 0,
          "schema_version": 0,
          "attributes": {
            "arn": "arn:aws:iam::999110959427:policy/terraform20220419192547467500000002",
            "description": "",
            "id": "arn:aws:iam::999110959427:policy/terraform20220419192547467500000002",
            "name": "terraform20220419192547467500000002",
            "name_prefix": "terraform",
            "path": "/",
            "policy": "{\"Statement\":[{\"Action\":[\"s3:ListBucket\",\"s3:GetBucketVersioning\"],\"Effect\":\"Allow\",\"Resource\":\"arn:aws:s3:::hello-world-be-state20220419192525754900000001\"},{\"Action\":[\"s3:GetObject\",\"s3:PutObject\"],\"Effect\":\"Allow\",\"Resource\":\"arn:aws:s3:::hello-world-be-state20220419192525754900000001/*\"},{\"Action\":[\"dynamodb:GetItem\",\"dynamodb:PutItem\",\"dynamodb:DeleteItem\",\"dynamodb:DescribeTable\"],\"Effect\":\"Allow\",\"Resource\":\"arn:aws:dynamodb:us-east-1:999110959427:table/hello-world-be-state-lock\"},{\"Action\":[\"kms:ListKeys\"],\"Effect\":\"Allow\",\"Resource\":\"*\"},{\"Action\":[\"kms:Encrypt\",\"kms:Decrypt\",\"kms:DescribeKey\",\"kms:GenerateDataKey\"],\"Effect\":\"Allow\",\"Resource\":\"arn:aws:kms:us-east-1:999110959427:key/2d1e918b-e9a3-41ce-9745-41250dcd464a\"}],\"Version\":\"2012-10-17\"}",
            "policy_id": "ANPA6RH5HMFBQOTBVNUMY",
            "tags": {},
            "tags_all": {}
          },
          "sensitive_attributes": [],
          "private": "bnVsbA==",
          "dependencies": [
            "module.remote_state.aws_dynamodb_table.lock",
            "module.remote_state.aws_kms_key.this",
            "module.remote_state.aws_s3_bucket.state"
          ]
        }
      ]
    },
    {
      "module": "module.remote_state",
      "mode": "managed",
      "type": "aws_kms_key",
      "name": "this",
      "provider": "provider[\"registry.terraform.io/hashicorp/aws\"]",
      "instances": [
        {
          "schema_version": 0,
          "attributes": {
            "arn": "arn:aws:kms:us-east-1:999110959427:key/2d1e918b-e9a3-41ce-9745-41250dcd464a",
            "bypass_policy_lockout_safety_check": false,
            "customer_master_key_spec": "SYMMETRIC_DEFAULT",
            "deletion_window_in_days": 30,
            "description": "The key used to encrypt the remote state bucket.",
            "enable_key_rotation": true,
            "id": "2d1e918b-e9a3-41ce-9745-41250dcd464a",
            "is_enabled": true,
            "key_id": "2d1e918b-e9a3-41ce-9745-41250dcd464a",
            "key_usage": "ENCRYPT_DECRYPT",
            "multi_region": false,
            "policy": "{\"Id\":\"key-default-1\",\"Statement\":[{\"Action\":\"kms:*\",\"Effect\":\"Allow\",\"Principal\":{\"AWS\":\"arn:aws:iam::999110959427:root\"},\"Resource\":\"*\",\"Sid\":\"Enable IAM User Permissions\"}],\"Version\":\"2012-10-17\"}",
            "tags": {
              "Terraform": "true"
            },
            "tags_all": {
              "Terraform": "true"
            }
          },
          "sensitive_attributes": [],
          "private": "bnVsbA=="
        }
      ]
    },
    {
      "module": "module.remote_state",
      "mode": "managed",
      "type": "aws_s3_bucket",
      "name": "state",
      "provider": "provider[\"registry.terraform.io/hashicorp/aws\"]",
      "instances": [
        {
          "schema_version": 0,
          "attributes": {
            "acceleration_status": "",
            "acl": null,
            "arn": "arn:aws:s3:::hello-world-be-state20220419192525754900000001",
            "bucket": "hello-world-be-state20220419192525754900000001",
            "bucket_domain_name": "hello-world-be-state20220419192525754900000001.s3.amazonaws.com",
            "bucket_prefix": "hello-world-be-state",
            "bucket_regional_domain_name": "hello-world-be-state20220419192525754900000001.s3.amazonaws.com",
            "cors_rule": [],
            "force_destroy": false,
            "grant": [
              {
                "id": "35cfd648461a9696dfdb399dd135bb902b4824189e1db1096181e2e8865b037c",
                "permissions": [
                  "FULL_CONTROL"
                ],
                "type": "CanonicalUser",
                "uri": ""
              }
            ],
            "hosted_zone_id": "Z3AQBSTGFYJSTF",
            "id": "hello-world-be-state20220419192525754900000001",
            "lifecycle_rule": [],
            "logging": [],
            "object_lock_configuration": [],
            "object_lock_enabled": false,
            "policy": "",
            "region": "us-east-1",
            "replication_configuration": [],
            "request_payer": "BucketOwner",
            "server_side_encryption_configuration": [],
            "tags": {
              "Terraform": "true"
            },
            "tags_all": {
              "Terraform": "true"
            },
            "versioning": [
              {
                "enabled": false,
                "mfa_delete": false
              }
            ],
            "website": [],
            "website_domain": null,
            "website_endpoint": null
          },
          "sensitive_attributes": [],
          "private": "bnVsbA=="
        }
      ]
    },
    {
      "module": "module.remote_state",
      "mode": "managed",
      "type": "aws_s3_bucket_acl",
      "name": "state",
      "provider": "provider[\"registry.terraform.io/hashicorp/aws\"]",
      "instances": []
    },
    {
      "module": "module.remote_state",
      "mode": "managed",
      "type": "aws_s3_bucket_lifecycle_configuration",
      "name": "state",
      "provider": "provider[\"registry.terraform.io/hashicorp/aws\"]",
      "instances": []
    },
    {
      "module": "module.remote_state",
      "mode": "managed",
      "type": "aws_s3_bucket_policy",
      "name": "state_force_ssl",
      "provider": "provider[\"registry.terraform.io/hashicorp/aws\"]",
      "instances": []
    },
    {
      "module": "module.remote_state",
      "mode": "managed",
      "type": "aws_s3_bucket_public_access_block",
      "name": "state",
      "provider": "provider[\"registry.terraform.io/hashicorp/aws\"]",
      "instances": []
    },
    {
      "module": "module.remote_state",
      "mode": "managed",
      "type": "aws_s3_bucket_server_side_encryption_configuration",
      "name": "state",
      "provider": "provider[\"registry.terraform.io/hashicorp/aws\"]",
      "instances": []
    },
    {
      "module": "module.remote_state",
      "mode": "managed",
      "type": "aws_s3_bucket_versioning",
      "name": "state",
      "provider": "provider[\"registry.terraform.io/hashicorp/aws\"]",
      "instances": []
    }
  ]
}
